// !$*UTF8*$!
{
	archiveVersion = 1;
	classes = {
	};
	objectVersion = 77;
	objects = {

/* Begin PBXBuildFile section */
		01D34A540C4E799255AA1768 /* WeeklyChart.swift in Sources */ = {isa = PBXBuildFile; fileRef = 2E41C19AD8CA3C0FD08402BF /* WeeklyChart.swift */; };
		04570E50186C300ABB4D2BDA /* LineChart.swift in Sources */ = {isa = PBXBuildFile; fileRef = 2A7E5E722449C905308D27C1 /* LineChart.swift */; };
		116E569CF12A8D765269E47D /* Auth.swift in Sources */ = {isa = PBXBuildFile; fileRef = 43F4BA86B249FD661DECB093 /* Auth.swift */; };
		147AE434D01C00E345306087 /* KeychainService.swift in Sources */ = {isa = PBXBuildFile; fileRef = 6E8932008FDA1112B4BE6827 /* KeychainService.swift */; };
		16725CC268260FE50D545DFF /* DiaryViewModel.swift in Sources */ = {isa = PBXBuildFile; fileRef = FE886FE2845039E86F06B297 /* DiaryViewModel.swift */; };
		18C72A332416F664C095BC25 /* ContentView.swift in Sources */ = {isa = PBXBuildFile; fileRef = 1101E50AE81FF3822EC4376A /* ContentView.swift */; };
		1D50A47A3D22AF760757A139 /* FoodLog.swift in Sources */ = {isa = PBXBuildFile; fileRef = 1D4CCD1699B41931BB7C95E2 /* FoodLog.swift */; };
		280CA48C4D0756E267B96E43 /* FoodLogCard.swift in Sources */ = {isa = PBXBuildFile; fileRef = 9BCEEBF8D63B932F4B168638 /* FoodLogCard.swift */; };
		2BCAB224A34D46CF23EA30A3 /* SettingsView.swift in Sources */ = {isa = PBXBuildFile; fileRef = 11F32EBC4EE6D11AE2A0CABE /* SettingsView.swift */; };
		48C38BB4B7C27C12F7F3975D /* MacroBreakdown.swift in Sources */ = {isa = PBXBuildFile; fileRef = 39E432E7035548BCD581FE75 /* MacroBreakdown.swift */; };
		4D951F66005831DC2AAF41F4 /* InsightsView.swift in Sources */ = {isa = PBXBuildFile; fileRef = C8ADD11C9DF904DB40134E18 /* InsightsView.swift */; };
		4E9B51BC21BD0CA54F5440D2 /* WeeklyNutritionViewModel.swift in Sources */ = {isa = PBXBuildFile; fileRef = ADEB777D4674C91E3BE0B25D /* WeeklyNutritionViewModel.swift */; };
		4F52FC88CFEE5C6A2CD1B9C8 /* AuthService.swift in Sources */ = {isa = PBXBuildFile; fileRef = B248A228CFDFB4F0FB9209CD /* AuthService.swift */; };
		60AE8A81261325AD853B9669 /* APIClient.swift in Sources */ = {isa = PBXBuildFile; fileRef = 520DF7F015C57A53F3A6AE05 /* APIClient.swift */; };
		786E95948C1CA8038B3F8246 /* InsightsViewModel.swift in Sources */ = {isa = PBXBuildFile; fileRef = 12E4CE441ABE474CFDB4908C /* InsightsViewModel.swift */; };
		79D585F4E821A9C361A7FA13 /* NutritionProgressBar.swift in Sources */ = {isa = PBXBuildFile; fileRef = 56B70D70E6ACE9A1AE6A5EE4 /* NutritionProgressBar.swift */; };
		7EDC9FC1D9BC2FFEA1D52344 /* ProgressCircle.swift in Sources */ = {isa = PBXBuildFile; fileRef = 33F842C2E3481D247AF7C033 /* ProgressCircle.swift */; };
		812597BC56742E5B0EB19675 /* RecommendationService.swift in Sources */ = {isa = PBXBuildFile; fileRef = 05B98EA414DB4F77A34A7133 /* RecommendationService.swift */; };
		8774038C0895DBFE6E3A9AA5 /* LoginView.swift in Sources */ = {isa = PBXBuildFile; fileRef = 4488768D62D2F82641E19291 /* LoginView.swift */; };
		9E1F7A96FB3FE208CC4C83D4 /* Assets.xcassets in Resources */ = {isa = PBXBuildFile; fileRef = CB0A93903E8640902656F253 /* Assets.xcassets */; };
		A03704AC0EC19A07830F1410 /* PhotoCaptureService.swift in Sources */ = {isa = PBXBuildFile; fileRef = 67B214C6A5B1BF471C587B98 /* PhotoCaptureService.swift */; };
		A3C8EA04D70D69F46B194FDE /* UserProfile.swift in Sources */ = {isa = PBXBuildFile; fileRef = 70DF926E485D806B7973C883 /* UserProfile.swift */; };
		A42EB38598DF847CBF724EB5 /* WeeklySummary.swift in Sources */ = {isa = PBXBuildFile; fileRef = 922C77489EEC281CBD654641 /* WeeklySummary.swift */; };
		A52275652FE1162E00912DB3 /* NutritionCoachView.swift in Sources */ = {isa = PBXBuildFile; fileRef = A52275612FE1162E00912DB3 /* NutritionCoachView.swift */; };
		A52275662FE1162E00912DB3 /* ChatMessage.swift in Sources */ = {isa = PBXBuildFile; fileRef = A52275622FE1162E00912DB3 /* ChatMessage.swift */; };
		A52275672FE1162E00912DB3 /* NutritionCoachViewModel.swift in Sources */ = {isa = PBXBuildFile; fileRef = A52275632FE1162E00912DB3 /* NutritionCoachViewModel.swift */; };
		A52275682FE1162E00912DB3 /* ChatMessageView.swift in Sources */ = {isa = PBXBuildFile; fileRef = A52275642FE1162E00912DB3 /* ChatMessageView.swift */; };
		B445B4E8FBB2C1C814866CDA /* RoastBubble.swift in Sources */ = {isa = PBXBuildFile; fileRef = 53E3DC3BCFAF5DEB6151365F /* RoastBubble.swift */; };
		B8CA06BD3F8A7EF793146A19 /* NomNomTests.swift in Sources */ = {isa = PBXBuildFile; fileRef = 6D26F5B9F96D66F9A2AFEEDE /* NomNomTests.swift */; };
		C403DA8214CB0F35117552BC /* SettingsViewModel.swift in Sources */ = {isa = PBXBuildFile; fileRef = F5DFBE6B80A5D1E964B4C28A /* SettingsViewModel.swift */; };
		C83947662071AD5A7D05FF90 /* CameraView.swift in Sources */ = {isa = PBXBuildFile; fileRef = 0A1AB7201EE6D1731C65C7BA /* CameraView.swift */; };
		C8400DF14EE13853F8C61823 /* NomNomApp.swift in Sources */ = {isa = PBXBuildFile; fileRef = 3613CA5ABAD9C19E665F06F8 /* NomNomApp.swift */; };
		CD54F47932E772467EB1BA24 /* WeeklyNutritionView.swift in Sources */ = {isa = PBXBuildFile; fileRef = 70C1EE9DF99DEC5DA03F4577 /* WeeklyNutritionView.swift */; };
		D2236831E3C678E7B676B3E0 /* NomNomColors.swift in Sources */ = {isa = PBXBuildFile; fileRef = F510BF00E85B48A6FFD157B8 /* NomNomColors.swift */; };
		D380A20CF93FCC88926C4871 /* ProfileService.swift in Sources */ = {isa = PBXBuildFile; fileRef = CF8BFACD1F8D790AA9F8FA93 /* ProfileService.swift */; };
		DE90412777BF4E191FB23BBE /* DiaryView.swift in Sources */ = {isa = PBXBuildFile; fileRef = D3D97565F95D9377AE8CBB26 /* DiaryView.swift */; };
		FA01E1953C0BC6F48F1545DA /* CameraViewModel.swift in Sources */ = {isa = PBXBuildFile; fileRef = 1DBAC3EDF8C7103753678F5E /* CameraViewModel.swift */; };
/* End PBXBuildFile section */

/* Begin PBXContainerItemProxy section */
		98D1C3A66F80F7F772EE5783 /* PBXContainerItemProxy */ = {
			isa = PBXContainerItemProxy;
			containerPortal = 60A30F4CA9412915DA930694 /* Project object */;
			proxyType = 1;
			remoteGlobalIDString = 7E9ABC9EF4F0EFD62D11B0F9;
			remoteInfo = NomNom;
		};
/* End PBXContainerItemProxy section */

/* Begin PBXFileReference section */
		05B98EA414DB4F77A34A7133 /* RecommendationService.swift */ = {isa = PBXFileReference; lastKnownFileType = sourcecode.swift; path = RecommendationService.swift; sourceTree = "<group>"; };
		0A1AB7201EE6D1731C65C7BA /* CameraView.swift */ = {isa = PBXFileReference; lastKnownFileType = sourcecode.swift; path = CameraView.swift; sourceTree = "<group>"; };
		1101E50AE81FF3822EC4376A /* ContentView.swift */ = {isa = PBXFileReference; lastKnownFileType = sourcecode.swift; path = ContentView.swift; sourceTree = "<group>"; };
		11F32EBC4EE6D11AE2A0CABE /* SettingsView.swift */ = {isa = PBXFileReference; lastKnownFileType = sourcecode.swift; path = SettingsView.swift; sourceTree = "<group>"; };
		12E4CE441ABE474CFDB4908C /* InsightsViewModel.swift */ = {isa = PBXFileReference; lastKnownFileType = sourcecode.swift; path = InsightsViewModel.swift; sourceTree = "<group>"; };
		13C9743DF51DF115E6ED8ED1 /* NomNom.app */ = {isa = PBXFileReference; explicitFileType = wrapper.application; includeInIndex = 0; path = NomNom.app; sourceTree = BUILT_PRODUCTS_DIR; };
		15F206442F73FB3E13281A1F /* Debug.xcconfig */ = {isa = PBXFileReference; lastKnownFileType = text.xcconfig; path = Debug.xcconfig; sourceTree = "<group>"; };
		1D4CCD1699B41931BB7C95E2 /* FoodLog.swift */ = {isa = PBXFileReference; lastKnownFileType = sourcecode.swift; path = FoodLog.swift; sourceTree = "<group>"; };
		1DBAC3EDF8C7103753678F5E /* CameraViewModel.swift */ = {isa = PBXFileReference; lastKnownFileType = sourcecode.swift; path = CameraViewModel.swift; sourceTree = "<group>"; };
		2A7E5E722449C905308D27C1 /* LineChart.swift */ = {isa = PBXFileReference; lastKnownFileType = sourcecode.swift; path = LineChart.swift; sourceTree = "<group>"; };
		2E41C19AD8CA3C0FD08402BF /* WeeklyChart.swift */ = {isa = PBXFileReference; lastKnownFileType = sourcecode.swift; path = WeeklyChart.swift; sourceTree = "<group>"; };
		33F842C2E3481D247AF7C033 /* ProgressCircle.swift */ = {isa = PBXFileReference; lastKnownFileType = sourcecode.swift; path = ProgressCircle.swift; sourceTree = "<group>"; };
		3613CA5ABAD9C19E665F06F8 /* NomNomApp.swift */ = {isa = PBXFileReference; lastKnownFileType = sourcecode.swift; path = NomNomApp.swift; sourceTree = "<group>"; };
		38CFCD23044C9980901DC279 /* Info.plist */ = {isa = PBXFileReference; lastKnownFileType = text.plist; path = Info.plist; sourceTree = "<group>"; };
		39E432E7035548BCD581FE75 /* MacroBreakdown.swift */ = {isa = PBXFileReference; lastKnownFileType = sourcecode.swift; path = MacroBreakdown.swift; sourceTree = "<group>"; };
		43F4BA86B249FD661DECB093 /* Auth.swift */ = {isa = PBXFileReference; lastKnownFileType = sourcecode.swift; path = Auth.swift; sourceTree = "<group>"; };
		4488768D62D2F82641E19291 /* LoginView.swift */ = {isa = PBXFileReference; lastKnownFileType = sourcecode.swift; path = LoginView.swift; sourceTree = "<group>"; };
		520DF7F015C57A53F3A6AE05 /* APIClient.swift */ = {isa = PBXFileReference; lastKnownFileType = sourcecode.swift; path = APIClient.swift; sourceTree = "<group>"; };
		53E3DC3BCFAF5DEB6151365F /* RoastBubble.swift */ = {isa = PBXFileReference; lastKnownFileType = sourcecode.swift; path = RoastBubble.swift; sourceTree = "<group>"; };
		56B70D70E6ACE9A1AE6A5EE4 /* NutritionProgressBar.swift */ = {isa = PBXFileReference; lastKnownFileType = sourcecode.swift; path = NutritionProgressBar.swift; sourceTree = "<group>"; };
		67B214C6A5B1BF471C587B98 /* PhotoCaptureService.swift */ = {isa = PBXFileReference; lastKnownFileType = sourcecode.swift; path = PhotoCaptureService.swift; sourceTree = "<group>"; };
		6D26F5B9F96D66F9A2AFEEDE /* NomNomTests.swift */ = {isa = PBXFileReference; lastKnownFileType = sourcecode.swift; path = NomNomTests.swift; sourceTree = "<group>"; };
		6E8932008FDA1112B4BE6827 /* KeychainService.swift */ = {isa = PBXFileReference; lastKnownFileType = sourcecode.swift; path = KeychainService.swift; sourceTree = "<group>"; };
		70C1EE9DF99DEC5DA03F4577 /* WeeklyNutritionView.swift */ = {isa = PBXFileReference; lastKnownFileType = sourcecode.swift; path = WeeklyNutritionView.swift; sourceTree = "<group>"; };
		70DF926E485D806B7973C883 /* UserProfile.swift */ = {isa = PBXFileReference; lastKnownFileType = sourcecode.swift; path = UserProfile.swift; sourceTree = "<group>"; };
		922C77489EEC281CBD654641 /* WeeklySummary.swift */ = {isa = PBXFileReference; lastKnownFileType = sourcecode.swift; path = WeeklySummary.swift; sourceTree = "<group>"; };
		9BCEEBF8D63B932F4B168638 /* FoodLogCard.swift */ = {isa = PBXFileReference; lastKnownFileType = sourcecode.swift; path = FoodLogCard.swift; sourceTree = "<group>"; };
		A52275612FE1162E00912DB3 /* NutritionCoachView.swift */ = {isa = PBXFileReference; lastKnownFileType = sourcecode.swift; name = NutritionCoachView.swift; path = NomNom/Features/NutritionCoach/NutritionCoachView.swift; sourceTree = "<group>"; };
		A52275622FE1162E00912DB3 /* ChatMessage.swift */ = {isa = PBXFileReference; lastKnownFileType = sourcecode.swift; name = ChatMessage.swift; path = NomNom/Features/NutritionCoach/ChatMessage.swift; sourceTree = "<group>"; };
		A52275632FE1162E00912DB3 /* NutritionCoachViewModel.swift */ = {isa = PBXFileReference; lastKnownFileType = sourcecode.swift; name = NutritionCoachViewModel.swift; path = NomNom/Features/NutritionCoach/NutritionCoachViewModel.swift; sourceTree = "<group>"; };
		A52275642FE1162E00912DB3 /* ChatMessageView.swift */ = {isa = PBXFileReference; lastKnownFileType = sourcecode.swift; name = ChatMessageView.swift; path = NomNom/Features/NutritionCoach/ChatMessageView.swift; sourceTree = "<group>"; };
		ADEB777D4674C91E3BE0B25D /* WeeklyNutritionViewModel.swift */ = {isa = PBXFileReference; lastKnownFileType = sourcecode.swift; path = WeeklyNutritionViewModel.swift; sourceTree = "<group>"; };
		B248A228CFDFB4F0FB9209CD /* AuthService.swift */ = {isa = PBXFileReference; lastKnownFileType = sourcecode.swift; path = AuthService.swift; sourceTree = "<group>"; };
		C8ADD11C9DF904DB40134E18 /* InsightsView.swift */ = {isa = PBXFileReference; lastKnownFileType = sourcecode.swift; path = InsightsView.swift; sourceTree = "<group>"; };
		CB0A93903E8640902656F253 /* Assets.xcassets */ = {isa = PBXFileReference; lastKnownFileType = folder.assetcatalog; path = Assets.xcassets; sourceTree = "<group>"; };
		CF8BFACD1F8D790AA9F8FA93 /* ProfileService.swift */ = {isa = PBXFileReference; lastKnownFileType = sourcecode.swift; path = ProfileService.swift; sourceTree = "<group>"; };
		D3D97565F95D9377AE8CBB26 /* DiaryView.swift */ = {isa = PBXFileReference; lastKnownFileType = sourcecode.swift; path = DiaryView.swift; sourceTree = "<group>"; };
		D6284B197EC3012AB4575CA3 /* NomNomTests.xctest */ = {isa = PBXFileReference; includeInIndex = 0; lastKnownFileType = text; name = NomNomTests.xctest; path = .xctest; sourceTree = BUILT_PRODUCTS_DIR; };
		F510BF00E85B48A6FFD157B8 /* NomNomColors.swift */ = {isa = PBXFileReference; lastKnownFileType = sourcecode.swift; path = NomNomColors.swift; sourceTree = "<group>"; };
		F5DFBE6B80A5D1E964B4C28A /* SettingsViewModel.swift */ = {isa = PBXFileReference; lastKnownFileType = sourcecode.swift; path = SettingsViewModel.swift; sourceTree = "<group>"; };
		FE886FE2845039E86F06B297 /* DiaryViewModel.swift */ = {isa = PBXFileReference; lastKnownFileType = sourcecode.swift; path = DiaryViewModel.swift; sourceTree = "<group>"; };
/* End PBXFileReference section */

/* Begin PBXGroup section */
		01B8BCEF9A62098F389B86B7 /* Components */ = {
			isa = PBXGroup;
			children = (
				9BCEEBF8D63B932F4B168638 /* FoodLogCard.swift */,
				56B70D70E6ACE9A1AE6A5EE4 /* NutritionProgressBar.swift */,
				33F842C2E3481D247AF7C033 /* ProgressCircle.swift */,
				53E3DC3BCFAF5DEB6151365F /* RoastBubble.swift */,
			);
			path = Components;
			sourceTree = "<group>";
		};
		044AAEA990695583D5A60F3F /* Utilities */ = {
			isa = PBXGroup;
			children = (
				F510BF00E85B48A6FFD157B8 /* NomNomColors.swift */,
			);
			path = Utilities;
			sourceTree = "<group>";
		};
		09CD9F187BE3F8A02E379BDF /* NomNom */ = {
			isa = PBXGroup;
			children = (
				38CFCD23044C9980901DC279 /* Info.plist */,
				DEF1A3CB3377C010BA500F9E /* App */,
				EFE979574F426D1D7EF4D03F /* Configurations */,
				DDA664F417C57691673B4974 /* Core */,
				809F24C2EFAE91CCFBC9A486 /* Features */,
			);
			path = NomNom;
			sourceTree = "<group>";
		};
		1474E961F803C26BD89688B1 /* Settings */ = {
			isa = PBXGroup;
			children = (
				4488768D62D2F82641E19291 /* LoginView.swift */,
				11F32EBC4EE6D11AE2A0CABE /* SettingsView.swift */,
				F5DFBE6B80A5D1E964B4C28A /* SettingsViewModel.swift */,
			);
			path = Settings;
			sourceTree = "<group>";
		};
		4ABAC97B0D19C5EA53008C0E /* Camera */ = {
			isa = PBXGroup;
			children = (
				0A1AB7201EE6D1731C65C7BA /* CameraView.swift */,
				1DBAC3EDF8C7103753678F5E /* CameraViewModel.swift */,
			);
			path = Camera;
			sourceTree = "<group>";
		};
		4AF39917CB81653EC5CA184A /* Diary */ = {
			isa = PBXGroup;
			children = (
				D3D97565F95D9377AE8CBB26 /* DiaryView.swift */,
				FE886FE2845039E86F06B297 /* DiaryViewModel.swift */,
			);
			path = Diary;
			sourceTree = "<group>";
		};
		697753E9715AB4207E5F231E /* Insights */ = {
			isa = PBXGroup;
			children = (
				C8ADD11C9DF904DB40134E18 /* InsightsView.swift */,
				12E4CE441ABE474CFDB4908C /* InsightsViewModel.swift */,
			);
			path = Insights;
			sourceTree = "<group>";
		};
		809F24C2EFAE91CCFBC9A486 /* Features */ = {
			isa = PBXGroup;
			children = (
				4ABAC97B0D19C5EA53008C0E /* Camera */,
				4AF39917CB81653EC5CA184A /* Diary */,
				697753E9715AB4207E5F231E /* Insights */,
				1474E961F803C26BD89688B1 /* Settings */,
				A907E78169878D6243F28583 /* WeeklyNutrition */,
			);
			path = Features;
			sourceTree = "<group>";
		};
		8F52EC90EF66436DD6490ED4 /* Products */ = {
			isa = PBXGroup;
			children = (
				13C9743DF51DF115E6ED8ED1 /* NomNom.app */,
				D6284B197EC3012AB4575CA3 /* NomNomTests.xctest */,
			);
			name = Products;
			sourceTree = "<group>";
		};
		A907E78169878D6243F28583 /* WeeklyNutrition */ = {
			isa = PBXGroup;
			children = (
				2A7E5E722449C905308D27C1 /* LineChart.swift */,
				39E432E7035548BCD581FE75 /* MacroBreakdown.swift */,
				2E41C19AD8CA3C0FD08402BF /* WeeklyChart.swift */,
				70C1EE9DF99DEC5DA03F4577 /* WeeklyNutritionView.swift */,
				ADEB777D4674C91E3BE0B25D /* WeeklyNutritionViewModel.swift */,
			);
			path = WeeklyNutrition;
			sourceTree = "<group>";
		};
		B31DE93BE78708A86A44724A /* Models */ = {
			isa = PBXGroup;
			children = (
				43F4BA86B249FD661DECB093 /* Auth.swift */,
				1D4CCD1699B41931BB7C95E2 /* FoodLog.swift */,
				70DF926E485D806B7973C883 /* UserProfile.swift */,
				922C77489EEC281CBD654641 /* WeeklySummary.swift */,
			);
			path = Models;
			sourceTree = "<group>";
		};
		D17CDC29259E849E5FFA71CF = {
			isa = PBXGroup;
			children = (
				A52275622FE1162E00912DB3 /* ChatMessage.swift */,
				A52275642FE1162E00912DB3 /* ChatMessageView.swift */,
				A52275612FE1162E00912DB3 /* NutritionCoachView.swift */,
				A52275632FE1162E00912DB3 /* NutritionCoachViewModel.swift */,
				09CD9F187BE3F8A02E379BDF /* NomNom */,
				E22C7CAD01DC6A3DEC95171D /* NomNomTests */,
				8F52EC90EF66436DD6490ED4 /* Products */,
			);
			sourceTree = "<group>";
		};
		DDA664F417C57691673B4974 /* Core */ = {
			isa = PBXGroup;
			children = (
				01B8BCEF9A62098F389B86B7 /* Components */,
				B31DE93BE78708A86A44724A /* Models */,
				E0CB36BDC410CB15429A2719 /* Services */,
				044AAEA990695583D5A60F3F /* Utilities */,
			);
			path = Core;
			sourceTree = "<group>";
		};
		DEF1A3CB3377C010BA500F9E /* App */ = {
			isa = PBXGroup;
			children = (
				CB0A93903E8640902656F253 /* Assets.xcassets */,
				1101E50AE81FF3822EC4376A /* ContentView.swift */,
				3613CA5ABAD9C19E665F06F8 /* NomNomApp.swift */,
			);
			path = App;
			sourceTree = "<group>";
		};
		E0CB36BDC410CB15429A2719 /* Services */ = {
			isa = PBXGroup;
			children = (
				520DF7F015C57A53F3A6AE05 /* APIClient.swift */,
				B248A228CFDFB4F0FB9209CD /* AuthService.swift */,
				6E8932008FDA1112B4BE6827 /* KeychainService.swift */,
				67B214C6A5B1BF471C587B98 /* PhotoCaptureService.swift */,
				CF8BFACD1F8D790AA9F8FA93 /* ProfileService.swift */,
				05B98EA414DB4F77A34A7133 /* RecommendationService.swift */,
			);
			path = Services;
			sourceTree = "<group>";
		};
		E22C7CAD01DC6A3DEC95171D /* NomNomTests */ = {
			isa = PBXGroup;
			children = (
				6D26F5B9F96D66F9A2AFEEDE /* NomNomTests.swift */,
			);
			path = NomNomTests;
			sourceTree = "<group>";
		};
		EFE979574F426D1D7EF4D03F /* Configurations */ = {
			isa = PBXGroup;
			children = (
				15F206442F73FB3E13281A1F /* Debug.xcconfig */,
			);
			path = Configurations;
			sourceTree = "<group>";
		};
/* End PBXGroup section */

/* Begin PBXNativeTarget section */
		3ADA7F214D77AA2882102219 /* NomNomTests */ = {
			isa = PBXNativeTarget;
			buildConfigurationList = C7C9B6F526E57962064965B6 /* Build configuration list for PBXNativeTarget "NomNomTests" */;
			buildPhases = (
				0025AA404473C102ABC8BAFE /* Sources */,
			);
			buildRules = (
			);
			dependencies = (
				14C110585C7DD2B9ACE62812 /* PBXTargetDependency */,
			);
			name = NomNomTests;
			packageProductDependencies = (
			);
			productName = NomNomTests;
			productReference = D6284B197EC3012AB4575CA3 /* NomNomTests.xctest */;
			productType = "com.apple.product-type.bundle.unit-test";
		};
		7E9ABC9EF4F0EFD62D11B0F9 /* NomNom */ = {
			isa = PBXNativeTarget;
			buildConfigurationList = 8C6D5FF5EAA0EBF4EDF9C1B6 /* Build configuration list for PBXNativeTarget "NomNom" */;
			buildPhases = (
				94E12890E85A01D2BAA99A6E /* Sources */,
				41C0D908AB8E166F05DDF4F9 /* Resources */,
			);
			buildRules = (
			);
			dependencies = (
			);
			name = NomNom;
			packageProductDependencies = (
			);
			productName = NomNom;
			productReference = 13C9743DF51DF115E6ED8ED1 /* NomNom.app */;
			productType = "com.apple.product-type.application";
		};
/* End PBXNativeTarget section */

/* Begin PBXProject section */
		60A30F4CA9412915DA930694 /* Project object */ = {
			isa = PBXProject;
			attributes = {
				BuildIndependentTargetsInParallel = YES;
				LastUpgradeCheck = 1400;
				TargetAttributes = {
					7E9ABC9EF4F0EFD62D11B0F9 = {
						ProvisioningStyle = Automatic;
					};
				};
			};
			buildConfigurationList = 4DB3DD7F82AFEF54111CC4F7 /* Build configuration list for PBXProject "NomNom" */;
			developmentRegion = en;
			hasScannedForEncodings = 0;
			knownRegions = (
				Base,
				en,
			);
			mainGroup = D17CDC29259E849E5FFA71CF;
			minimizedProjectReferenceProxies = 1;
			preferredProjectObjectVersion = 77;
			productRefGroup = 8F52EC90EF66436DD6490ED4 /* Products */;
			projectDirPath = "";
			projectRoot = "";
			targets = (
				7E9ABC9EF4F0EFD62D11B0F9 /* NomNom */,
				3ADA7F214D77AA2882102219 /* NomNomTests */,
			);
		};
/* End PBXProject section */

/* Begin PBXResourcesBuildPhase section */
		41C0D908AB8E166F05DDF4F9 /* Resources */ = {
			isa = PBXResourcesBuildPhase;
			buildActionMask = 2147483647;
			files = (
				9E1F7A96FB3FE208CC4C83D4 /* Assets.xcassets in Resources */,
			);
			runOnlyForDeploymentPostprocessing = 0;
		};
/* End PBXResourcesBuildPhase section */

/* Begin PBXSourcesBuildPhase section */
		0025AA404473C102ABC8BAFE /* Sources */ = {
			isa = PBXSourcesBuildPhase;
			buildActionMask = 2147483647;
			files = (
				B8CA06BD3F8A7EF793146A19 /* NomNomTests.swift in Sources */,
			);
			runOnlyForDeploymentPostprocessing = 0;
		};
		94E12890E85A01D2BAA99A6E /* Sources */ = {
			isa = PBXSourcesBuildPhase;
			buildActionMask = 2147483647;
			files = (
				A52275652FE1162E00912DB3 /* NutritionCoachView.swift in Sources */,
				A52275662FE1162E00912DB3 /* ChatMessage.swift in Sources */,
				A52275672FE1162E00912DB3 /* NutritionCoachViewModel.swift in Sources */,
				A52275682FE1162E00912DB3 /* ChatMessageView.swift in Sources */,
				60AE8A81261325AD853B9669 /* APIClient.swift in Sources */,
				116E569CF12A8D765269E47D /* Auth.swift in Sources */,
				4F52FC88CFEE5C6A2CD1B9C8 /* AuthService.swift in Sources */,
				C83947662071AD5A7D05FF90 /* CameraView.swift in Sources */,
				FA01E1953C0BC6F48F1545DA /* CameraViewModel.swift in Sources */,
				18C72A332416F664C095BC25 /* ContentView.swift in Sources */,
				DE90412777BF4E191FB23BBE /* DiaryView.swift in Sources */,
				16725CC268260FE50D545DFF /* DiaryViewModel.swift in Sources */,
				1D50A47A3D22AF760757A139 /* FoodLog.swift in Sources */,
				280CA48C4D0756E267B96E43 /* FoodLogCard.swift in Sources */,
				4D951F66005831DC2AAF41F4 /* InsightsView.swift in Sources */,
				786E95948C1CA8038B3F8246 /* InsightsViewModel.swift in Sources */,
				147AE434D01C00E345306087 /* KeychainService.swift in Sources */,
				04570E50186C300ABB4D2BDA /* LineChart.swift in Sources */,
				8774038C0895DBFE6E3A9AA5 /* LoginView.swift in Sources */,
				48C38BB4B7C27C12F7F3975D /* MacroBreakdown.swift in Sources */,
				C8400DF14EE13853F8C61823 /* NomNomApp.swift in Sources */,
				D2236831E3C678E7B676B3E0 /* NomNomColors.swift in Sources */,
				79D585F4E821A9C361A7FA13 /* NutritionProgressBar.swift in Sources */,
				A03704AC0EC19A07830F1410 /* PhotoCaptureService.swift in Sources */,
				D380A20CF93FCC88926C4871 /* ProfileService.swift in Sources */,
				7EDC9FC1D9BC2FFEA1D52344 /* ProgressCircle.swift in Sources */,
				812597BC56742E5B0EB19675 /* RecommendationService.swift in Sources */,
				B445B4E8FBB2C1C814866CDA /* RoastBubble.swift in Sources */,
				2BCAB224A34D46CF23EA30A3 /* SettingsView.swift in Sources */,
				C403DA8214CB0F35117552BC /* SettingsViewModel.swift in Sources */,
				A3C8EA04D70D69F46B194FDE /* UserProfile.swift in Sources */,
				01D34A540C4E799255AA1768 /* WeeklyChart.swift in Sources */,
				CD54F47932E772467EB1BA24 /* WeeklyNutritionView.swift in Sources */,
				4E9B51BC21BD0CA54F5440D2 /* WeeklyNutritionViewModel.swift in Sources */,
				A42EB38598DF847CBF724EB5 /* WeeklySummary.swift in Sources */,
			);
			runOnlyForDeploymentPostprocessing = 0;
		};
/* End PBXSourcesBuildPhase section */

/* Begin PBXTargetDependency section */
		14C110585C7DD2B9ACE62812 /* PBXTargetDependency */ = {
			isa = PBXTargetDependency;
			target = 7E9ABC9EF4F0EFD62D11B0F9 /* NomNom */;
			targetProxy = 98D1C3A66F80F7F772EE5783 /* PBXContainerItemProxy */;
		};
/* End PBXTargetDependency section */

/* Begin XCBuildConfiguration section */
		62812728625BFC74472BA949 /* Release */ = {
			isa = XCBuildConfiguration;
			buildSettings = {
				ALWAYS_SEARCH_USER_PATHS = NO;
				ASSETCATALOG_COMPILER_APPICON_NAME = AppIcon;
				ASSETCATALOG_COMPILER_GLOBAL_ACCENT_COLOR_NAME = AccentColor;
				CODE_SIGNING_REQUIRED = NO;
				CODE_SIGN_STYLE = Automatic;
				CURRENT_PROJECT_VERSION = 1;
				DEVELOPMENT_TEAM = N6Y6L8G2VB;
				GENERATE_INFOPLIST_FILE = YES;
				INFOPLIST_FILE = NomNom/Info.plist;
				INFOPLIST_KEY_CFBundleDisplayName = NomNom;
				INFOPLIST_KEY_NSCameraUsageDescription = "NomNom needs camera access to photograph your food";
				INFOPLIST_KEY_NSPhotoLibraryUsageDescription = "NomNom needs photo library access to select food photos";
				INFOPLIST_KEY_UIApplicationSceneManifest_Generation = YES;
				MARKETING_VERSION = 1.0.0;
				PRODUCT_BUNDLE_IDENTIFIER = "com.nomnom-ai.app";
				PRODUCT_NAME = NomNom;
			};
			name = Release;
		};
		959B5063FC805C84FDD65E60 /* Release */ = {
			isa = XCBuildConfiguration;
			buildSettings = {
				INFOPLIST_KEY_UILaunchScreen_Generation = YES;
				IPHONEOS_DEPLOYMENT_TARGET = 16.0;
				SDKROOT = iphoneos;
				SWIFT_VERSION = 5.8;
				TARGETED_DEVICE_FAMILY = 1;
			};
			name = Release;
		};
		981F054A89631AD91A059684 /* Debug */ = {
			isa = XCBuildConfiguration;
			buildSettings = {
				INFOPLIST_KEY_UILaunchScreen_Generation = YES;
				IPHONEOS_DEPLOYMENT_TARGET = 16.0;
				SDKROOT = iphoneos;
				SWIFT_VERSION = 5.8;
				TARGETED_DEVICE_FAMILY = 1;
			};
			name = Debug;
		};
		AAF95D881F01BADAD45A9634 /* Release */ = {
			isa = XCBuildConfiguration;
			buildSettings = {
				GENERATE_INFOPLIST_FILE = YES;
				PRODUCT_BUNDLE_IDENTIFIER = "com.nomnom-ai.app.tests";
				TEST_HOST = "$(BUILT_PRODUCTS_DIR)/NomNom.app/NomNom";
			};
			name = Release;
		};
		C1AB53D0D8A278893A0067CD /* Debug */ = {
			isa = XCBuildConfiguration;
			buildSettings = {
				GENERATE_INFOPLIST_FILE = YES;
				PRODUCT_BUNDLE_IDENTIFIER = "com.nomnom-ai.app.tests";
				TEST_HOST = "$(BUILT_PRODUCTS_DIR)/NomNom.app/NomNom";
			};
			name = Debug;
		};
		C8148FB95E0E69E6C4D53673 /* Debug */ = {
			isa = XCBuildConfiguration;
			buildSettings = {
				ALWAYS_SEARCH_USER_PATHS = NO;
				ASSETCATALOG_COMPILER_APPICON_NAME = AppIcon;
				ASSETCATALOG_COMPILER_GLOBAL_ACCENT_COLOR_NAME = AccentColor;
				CODE_SIGNING_REQUIRED = NO;
				CODE_SIGN_STYLE = Automatic;
				CURRENT_PROJECT_VERSION = 1;
				DEVELOPMENT_TEAM = N6Y6L8G2VB;
				GENERATE_INFOPLIST_FILE = YES;
				INFOPLIST_FILE = NomNom/Info.plist;
				INFOPLIST_KEY_CFBundleDisplayName = NomNom;
				INFOPLIST_KEY_NSCameraUsageDescription = "NomNom needs camera access to photograph your food";
				INFOPLIST_KEY_NSPhotoLibraryUsageDescription = "NomNom needs photo library access to select food photos";
				INFOPLIST_KEY_UIApplicationSceneManifest_Generation = YES;
				MARKETING_VERSION = 1.0.0;
				PRODUCT_BUNDLE_IDENTIFIER = "com.nomnom-ai.app";
				PRODUCT_NAME = NomNom;
			};
			name = Debug;
		};
/* End XCBuildConfiguration section */

/* Begin XCConfigurationList section */
		4DB3DD7F82AFEF54111CC4F7 /* Build configuration list for PBXProject "NomNom" */ = {
			isa = XCConfigurationList;
			buildConfigurations = (
				981F054A89631AD91A059684 /* Debug */,
				959B5063FC805C84FDD65E60 /* Release */,
			);
			defaultConfigurationIsVisible = 0;
			defaultConfigurationName = Debug;
		};
		8C6D5FF5EAA0EBF4EDF9C1B6 /* Build configuration list for PBXNativeTarget "NomNom" */ = {
			isa = XCConfigurationList;
			buildConfigurations = (
				C8148FB95E0E69E6C4D53673 /* Debug */,
				62812728625BFC74472BA949 /* Release */,
			);
			defaultConfigurationIsVisible = 0;
			defaultConfigurationName = Debug;
		};
		C7C9B6F526E57962064965B6 /* Build configuration list for PBXNativeTarget "NomNomTests" */ = {
			isa = XCConfigurationList;
			buildConfigurations = (
				C1AB53D0D8A278893A0067CD /* Debug */,
				AAF95D881F01BADAD45A9634 /* Release */,
			);
			defaultConfigurationIsVisible = 0;
			defaultConfigurationName = Debug;
		};
/* End XCConfigurationList section */
	};
	rootObject = 60A30F4CA9412915DA930694 /* Project object */;
}
